
Microsoft Visual Studio Solution File, Format Version 12.00
# Visual Studio Version 17
VisualStudioVersion = 17.7.34221.43
MinimumVisualStudioVersion = 10.0.40219.1
Project("{9A19103F-16F7-4668-BE54-9A1E7A4F7556}") = "Entities", "Entities\Entities.csproj", "{6E3E42D5-AC70-4ECE-AF88-55F988C20FB1}"
EndProject
Project("{9A19103F-16F7-4668-BE54-9A1E7A4F7556}") = "DataAccess", "DataAccess\DataAccess.csproj", "{12D5848B-C935-4DED-B200-E9408CA346C5}"
EndProject
Project("{9A19103F-16F7-4668-BE54-9A1E7A4F7556}") = "Core", "Core\Core.csproj", "{00DEC376-047F-4A87-9177-C17D91FBDA65}"
EndProject
Project("{9A19103F-16F7-4668-BE54-9A1E7A4F7556}") = "WebApi", "WebApi\WebApi.csproj", "{8A5E2B53-4C7D-4B89-A8E8-B6B38C317524}"
EndProject
Project("{9A19103F-16F7-4668-BE54-9A1E7A4F7556}") = "Business", "Business\Business.csproj", "{CDDBE3E5-E3FF-4D8F-BD21-3F1C31E4897C}"
EndProject
Global
	GlobalSection(SolutionConfigurationPlatforms) = preSolution
		Debug|Any CPU = Debug|Any CPU
		Release|Any CPU = Release|Any CPU
	EndGlobalSection
	GlobalSection(ProjectConfigurationPlatforms) = postSolution
		{6E3E42D5-AC70-4ECE-AF88-55F988C20FB1}.Debug|Any CPU.ActiveCfg = Debug|Any CPU
		{6E3E42D5-AC70-4ECE-AF88-55F988C20FB1}.Debug|Any CPU.Build.0 = Debug|Any CPU
		{6E3E42D5-AC70-4ECE-AF88-55F988C20FB1}.Release|Any CPU.ActiveCfg = Release|Any CPU
		{6E3E42D5-AC70-4ECE-AF88-55F988C20FB1}.Release|Any CPU.Build.0 = Release|Any CPU
		{12D5848B-C935-4DED-B200-E9408CA346C5}.Debug|Any CPU.ActiveCfg = Debug|Any CPU
		{12D5848B-C935-4DED-B200-E9408CA346C5}.Debug|Any CPU.Build.0 = Debug|Any CPU
		{12D5848B-C935-4DED-B200-E9408CA346C5}.Release|Any CPU.ActiveCfg = Release|Any CPU
		{12D5848B-C935-4DED-B200-E9408CA346C5}.Release|Any CPU.Build.0 = Release|Any CPU
		{00DEC376-047F-4A87-9177-C17D91FBDA65}.Debug|Any CPU.ActiveCfg = Debug|Any CPU
		{00DEC376-047F-4A87-9177-C17D91FBDA65}.Debug|Any CPU.Build.0 = Debug|Any CPU
		{00DEC376-047F-4A87-9177-C17D91FBDA65}.Release|Any CPU.ActiveCfg = Release|Any CPU
		{00DEC376-047F-4A87-9177-C17D91FBDA65}.Release|Any CPU.Build.0 = Release|Any CPU
		{8A5E2B53-4C7D-4B89-A8E8-B6B38C317524}.Debug|Any CPU.ActiveCfg = Debug|Any CPU
		{8A5E2B53-4C7D-4B89-A8E8-B6B38C317524}.Debug|Any CPU.Build.0 = Debug|Any CPU
		{8A5E2B53-4C7D-4B89-A8E8-B6B38C317524}.Release|Any CPU.ActiveCfg = Release|Any CPU
		{8A5E2B53-4C7D-4B89-A8E8-B6B38C317524}.Release|Any CPU.Build.0 = Release|Any CPU
		{CDDBE3E5-E3FF-4D8F-BD21-3F1C31E4897C}.Debug|Any CPU.ActiveCfg = Debug|Any CPU
		{CDDBE3E5-E3FF-4D8F-BD21-3F1C31E4897C}.Debug|Any CPU.Build.0 = Debug|Any CPU
		{CDDBE3E5-E3FF-4D8F-BD21-3F1C31E4897C}.Release|Any CPU.ActiveCfg = Release|Any CPU
		{CDDBE3E5-E3FF-4D8F-BD21-3F1C31E4897C}.Release|Any CPU.Build.0 = Release|Any CPU
	EndGlobalSection
	GlobalSection(SolutionProperties) = preSolution
		HideSolutionNode = FALSE
	EndGlobalSection
	GlobalSection(ExtensibilityGlobals) = postSolution
		SolutionGuid = {08FCB9F7-C05E-4C5E-BF6D-96EE5F17ED6F}
	EndGlobalSection
EndGlobal
